// !$*UTF8*$!
{
	archiveVersion = 1;
	classes = {
	};
	objectVersion = 46;
	objects = {

/* Begin PBXBuildFile section */
		AD10127018FAD74E00B4BACB /* main.c in Sources */ = {isa = PBXBuildFile; fileRef = AD10126F18FAD74E00B4BACB /* main.c */; };
		AD49707E18FD908A0052424C /* heap_sort_n.c in Sources */ = {isa = PBXBuildFile; fileRef = AD49707618FD908A0052424C /* heap_sort_n.c */; };
		AD49707F18FD908A0052424C /* heap_sort.c in Sources */ = {isa = PBXBuildFile; fileRef = AD49707718FD908A0052424C /* heap_sort.c */; };
		AD49708018FD908A0052424C /* quick_sort.c in Sources */ = {isa = PBXBuildFile; fileRef = AD49707818FD908A0052424C /* quick_sort.c */; };
		AD49708118FD908A0052424C /* sort.h in Sources */ = {isa = PBXBuildFile; fileRef = AD49707918FD908A0052424C /* sort.h */; };
		AD49708218FD908A0052424C /* tree.c in Sources */ = {isa = PBXBuildFile; fileRef = AD49707A18FD908A0052424C /* tree.c */; };
		AD49708318FD908A0052424C /* tree.h in Sources */ = {isa = PBXBuildFile; fileRef = AD49707B18FD908A0052424C /* tree.h */; };
		AD49708418FD908A0052424C /* utils.c in Sources */ = {isa = PBXBuildFile; fileRef = AD49707C18FD908A0052424C /* utils.c */; };
		AD49708518FD908A0052424C /* utils.h in Sources */ = {isa = PBXBuildFile; fileRef = AD49707D18FD908A0052424C /* utils.h */; };
/* End PBXBuildFile section */

/* Begin PBXCopyFilesBuildPhase section */
		AD10126A18FAD74E00B4BACB /* CopyFiles */ = {
			isa = PBXCopyFilesBuildPhase;
			buildActionMask = 2147483647;
			dstPath = /usr/share/man/man1/;
			dstSubfolderSpec = 0;
			files = (
			);
			runOnlyForDeploymentPostprocessing = 1;
		};
/* End PBXCopyFilesBuildPhase section */

/* Begin PBXFileReference section */
		AD10126C18FAD74E00B4BACB /* sort */ = {isa = PBXFileReference; explicitFileType = "compiled.mach-o.executable"; includeInIndex = 0; path = sort; sourceTree = BUILT_PRODUCTS_DIR; };
		AD10126F18FAD74E00B4BACB /* main.c */ = {isa = PBXFileReference; lastKnownFileType = sourcecode.c.c; path = main.c; sourceTree = "<group>"; };
		AD49707618FD908A0052424C /* heap_sort_n.c */ = {isa = PBXFileReference; lastKnownFileType = sourcecode.c.c; path = heap_sort_n.c; sourceTree = "<group>"; };
		AD49707718FD908A0052424C /* heap_sort.c */ = {isa = PBXFileReference; lastKnownFileType = sourcecode.c.c; path = heap_sort.c; sourceTree = "<group>"; };
		AD49707818FD908A0052424C /* quick_sort.c */ = {isa = PBXFileReference; lastKnownFileType = sourcecode.c.c; path = quick_sort.c; sourceTree = "<group>"; };
		AD49707918FD908A0052424C /* sort.h */ = {isa = PBXFileReference; lastKnownFileType = sourcecode.c.h; path = sort.h; sourceTree = "<group>"; };
		AD49707A18FD908A0052424C /* tree.c */ = {isa = PBXFileReference; lastKnownFileType = sourcecode.c.c; path = tree.c; sourceTree = "<group>"; };
		AD49707B18FD908A0052424C /* tree.h */ = {isa = PBXFileReference; lastKnownFileType = sourcecode.c.h; path = tree.h; sourceTree = "<group>"; };
		AD49707C18FD908A0052424C /* utils.c */ = {isa = PBXFileReference; lastKnownFileType = sourcecode.c.c; path = utils.c; sourceTree = "<group>"; };
		AD49707D18FD908A0052424C /* utils.h */ = {isa = PBXFileReference; lastKnownFileType = sourcecode.c.h; path = utils.h; sourceTree = "<group>"; };
/* End PBXFileReference section */

/* Begin PBXFrameworksBuildPhase section */
		AD10126918FAD74E00B4BACB /* Frameworks */ = {
			isa = PBXFrameworksBuildPhase;
			buildActionMask = 2147483647;
			files = (
			);
			runOnlyForDeploymentPostprocessing = 0;
		};
/* End PBXFrameworksBuildPhase section */

/* Begin PBXGroup section */
		AD10126318FAD74E00B4BACB = {
			isa = PBXGroup;
			children = (
				AD10126E18FAD74E00B4BACB /* sort */,
				AD10126D18FAD74E00B4BACB /* Products */,
			);
			sourceTree = "<group>";
		};
		AD10126D18FAD74E00B4BACB /* Products */ = {
			isa = PBXGroup;
			children = (
				AD10126C18FAD74E00B4BACB /* sort */,
			);
			name = Products;
			sourceTree = "<group>";
		};
		AD10126E18FAD74E00B4BACB /* sort */ = {
			isa = PBXGroup;
			children = (
				AD49707618FD908A0052424C /* heap_sort_n.c */,
				AD49707718FD908A0052424C /* heap_sort.c */,
				AD49707818FD908A0052424C /* quick_sort.c */,
				AD49707918FD908A0052424C /* sort.h */,
				AD49707A18FD908A0052424C /* tree.c */,
				AD49707B18FD908A0052424C /* tree.h */,
				AD49707C18FD908A0052424C /* utils.c */,
				AD49707D18FD908A0052424C /* utils.h */,
				AD10126F18FAD74E00B4BACB /* main.c */,
			);
			path = sort;
			sourceTree = "<group>";
		};
/* End PBXGroup section */

/* Begin PBXNativeTarget section */
		AD10126B18FAD74E00B4BACB /* sort */ = {
			isa = PBXNativeTarget;
			buildConfigurationList = AD10127518FAD74E00B4BACB /* Build configuration list for PBXNativeTarget "sort" */;
			buildPhases = (
				AD10126818FAD74E00B4BACB /* Sources */,
				AD10126918FAD74E00B4BACB /* Frameworks */,
				AD10126A18FAD74E00B4BACB /* CopyFiles */,
			);
			buildRules = (
			);
			dependencies = (
			);
			name = sort;
			productName = sort;
			productReference = AD10126C18FAD74E00B4BACB /* sort */;
			productType = "com.apple.product-type.tool";
		};
/* End PBXNativeTarget section */

/* Begin PBXProject section */
		AD10126418FAD74E00B4BACB /* Project object */ = {
			isa = PBXProject;
			attributes = {
				LastUpgradeCheck = 0510;
				ORGANIZATIONNAME = dreaner;
			};
			buildConfigurationList = AD10126718FAD74E00B4BACB /* Build configuration list for PBXProject "sort" */;
			compatibilityVersion = "Xcode 3.2";
			developmentRegion = English;
			hasScannedForEncodings = 0;
			knownRegions = (
				en,
			);
			mainGroup = AD10126318FAD74E00B4BACB;
			productRefGroup = AD10126D18FAD74E00B4BACB /* Products */;
			projectDirPath = "";
			projectRoot = "";
			targets = (
				AD10126B18FAD74E00B4BACB /* sort */,
			);
		};
/* End PBXProject section */

/* Begin PBXSourcesBuildPhase section */
		AD10126818FAD74E00B4BACB /* Sources */ = {
			isa = PBXSourcesBuildPhase;
			buildActionMask = 2147483647;
			files = (
				AD49707E18FD908A0052424C /* heap_sort_n.c in Sources */,
				AD49707F18FD908A0052424C /* heap_sort.c in Sources */,
				AD49708018FD908A0052424C /* quick_sort.c in Sources */,
				AD49708118FD908A0052424C /* sort.h in Sources */,
				AD49708218FD908A0052424C /* tree.c in Sources */,
				AD49708318FD908A0052424C /* tree.h in Sources */,
				AD49708418FD908A0052424C /* utils.c in Sources */,
				AD49708518FD908A0052424C /* utils.h in Sources */,
				AD10127018FAD74E00B4BACB /* main.c in Sources */,
			);
			runOnlyForDeploymentPostprocessing = 0;
		};
/* End PBXSourcesBuildPhase section */

/* Begin XCBuildConfiguration section */
		AD10127318FAD74E00B4BACB /* Debug */ = {
			isa = XCBuildConfiguration;
			buildSettings = {
				ALWAYS_SEARCH_USER_PATHS = NO;
				CLANG_CXX_LANGUAGE_STANDARD = "gnu++0x";
				CLANG_CXX_LIBRARY = "libc++";
				CLANG_ENABLE_MODULES = YES;
				CLANG_ENABLE_OBJC_ARC = YES;
				CLANG_WARN_BOOL_CONVERSION = YES;
				CLANG_WARN_CONSTANT_CONVERSION = YES;
				CLANG_WARN_DIRECT_OBJC_ISA_USAGE = YES_ERROR;
				CLANG_WARN_EMPTY_BODY = YES;
				CLANG_WARN_ENUM_CONVERSION = YES;
				CLANG_WARN_INT_CONVERSION = YES;
				CLANG_WARN_OBJC_ROOT_CLASS = YES_ERROR;
				CLANG_WARN__DUPLICATE_METHOD_MATCH = YES;
				COPY_PHASE_STRIP = NO;
				GCC_C_LANGUAGE_STANDARD = gnu99;
				GCC_DYNAMIC_NO_PIC = NO;
				GCC_ENABLE_OBJC_EXCEPTIONS = YES;
				GCC_OPTIMIZATION_LEVEL = 0;
				GCC_PREPROCESSOR_DEFINITIONS = (
					"DEBUG=1",
					"$(inherited)",
				);
				GCC_SYMBOLS_PRIVATE_EXTERN = NO;
				GCC_WARN_64_TO_32_BIT_CONVERSION = YES;
				GCC_WARN_ABOUT_RETURN_TYPE = YES_ERROR;
				GCC_WARN_UNDECLARED_SELECTOR = YES;
				GCC_WARN_UNINITIALIZED_AUTOS = YES_AGGRESSIVE;
				GCC_WARN_UNUSED_FUNCTION = YES;
				GCC_WARN_UNUSED_VARIABLE = YES;
				MACOSX_DEPLOYMENT_TARGET = 10.9;
				ONLY_ACTIVE_ARCH = YES;
				SDKROOT = macosx;
			};
			name = Debug;
		};
		AD10127418FAD74E00B4BACB /* Release */ = {
			isa = XCBuildConfiguration;
			buildSettings = {
				ALWAYS_SEARCH_USER_PATHS = NO;
				CLANG_CXX_LANGUAGE_STANDARD = "gnu++0x";
				CLANG_CXX_LIBRARY = "libc++";
				CLANG_ENABLE_MODULES = YES;
				CLANG_ENABLE_OBJC_ARC = YES;
				CLANG_WARN_BOOL_CONVERSION = YES;
				CLANG_WARN_CONSTANT_CONVERSION = YES;
				CLANG_WARN_DIRECT_OBJC_ISA_USAGE = YES_ERROR;
				CLANG_WARN_EMPTY_BODY = YES;
				CLANG_WARN_ENUM_CONVERSION = YES;
				CLANG_WARN_INT_CONVERSION = YES;
				CLANG_WARN_OBJC_ROOT_CLASS = YES_ERROR;
				CLANG_WARN__DUPLICATE_METHOD_MATCH = YES;
				COPY_PHASE_STRIP = YES;
				DEBUG_INFORMATION_FORMAT = "dwarf-with-dsym";
				ENABLE_NS_ASSERTIONS = NO;
				GCC_C_LANGUAGE_STANDARD = gnu99;
				GCC_ENABLE_OBJC_EXCEPTIONS = YES;
				GCC_WARN_64_TO_32_BIT_CONVERSION = YES;
				GCC_WARN_ABOUT_RETURN_TYPE = YES_ERROR;
				GCC_WARN_UNDECLARED_SELECTOR = YES;
				GCC_WARN_UNINITIALIZED_AUTOS = YES_AGGRESSIVE;
				GCC_WARN_UNUSED_FUNCTION = YES;
				GCC_WARN_UNUSED_VARIABLE = YES;
				MACOSX_DEPLOYMENT_TARGET = 10.9;
				SDKROOT = macosx;
			};
			name = Release;
		};
		AD10127618FAD74E00B4BACB /* Debug */ = {
			isa = XCBuildConfiguration;
			buildSettings = {
				PRODUCT_NAME = "$(TARGET_NAME)";
			};
			name = Debug;
		};
		AD10127718FAD74E00B4BACB /* Release */ = {
			isa = XCBuildConfiguration;
			buildSettings = {
				PRODUCT_NAME = "$(TARGET_NAME)";
			};
			name = Release;
		};
/* End XCBuildConfiguration section */

/* Begin XCConfigurationList section */
		AD10126718FAD74E00B4BACB /* Build configuration list for PBXProject "sort" */ = {
			isa = XCConfigurationList;
			buildConfigurations = (
				AD10127318FAD74E00B4BACB /* Debug */,
				AD10127418FAD74E00B4BACB /* Release */,
			);
			defaultConfigurationIsVisible = 0;
			defaultConfigurationName = Release;
		};
		AD10127518FAD74E00B4BACB /* Build configuration list for PBXNativeTarget "sort" */ = {
			isa = XCConfigurationList;
			buildConfigurations = (
				AD10127618FAD74E00B4BACB /* Debug */,
				AD10127718FAD74E00B4BACB /* Release */,
			);
			defaultConfigurationIsVisible = 0;
			defaultConfigurationName = Release;
		};
/* End XCConfigurationList section */
	};
	rootObject = AD10126418FAD74E00B4BACB /* Project object */;
}
